
Microsoft Visual Studio Solution File, Format Version 12.00
# Visual Studio Version 17
VisualStudioVersion = 17.8.34525.116
MinimumVisualStudioVersion = 10.0.40219.1
Project("{9A19103F-16F7-4668-BE54-9A1E7A4F7556}") = "EscolaBD", "EscolaBD.csproj", "{47A6F691-4D8B-4CA4-8ED8-A89DC2778F1C}"
EndProject
Global
	GlobalSection(SolutionConfigurationPlatforms) = preSolution
		Debug|Any CPU = Debug|Any CPU
		Release|Any CPU = Release|Any CPU
	EndGlobalSection
	GlobalSection(ProjectConfigurationPlatforms) = postSolution
		{47A6F691-4D8B-4CA4-8ED8-A89DC2778F1C}.Debug|Any CPU.ActiveCfg = Debug|Any CPU
		{47A6F691-4D8B-4CA4-8ED8-A89DC2778F1C}.Debug|Any CPU.Build.0 = Debug|Any CPU
		{47A6F691-4D8B-4CA4-8ED8-A89DC2778F1C}.Release|Any CPU.ActiveCfg = Release|Any CPU
		{47A6F691-4D8B-4CA4-8ED8-A89DC2778F1C}.Release|Any CPU.Build.0 = Release|Any CPU
	EndGlobalSection
	GlobalSection(SolutionProperties) = preSolution
		HideSolutionNode = FALSE
	EndGlobalSection
	GlobalSection(ExtensibilityGlobals) = postSolution
		SolutionGuid = {DB38CC47-974B-4740-A747-2D5AB9FA52FA}
	EndGlobalSection
EndGlobal
